
Microsoft Visual Studio Solution File, Format Version 12.00
# Visual Studio 15
VisualStudioVersion = 15.0.27703.2035
MinimumVisualStudioVersion = 10.0.40219.1
Project("{9A19103F-16F7-4668-BE54-9A1E7A4F7556}") = "Mowit", "Mowit\Mowit.csproj", "{B7F1A101-B456-489B-A9E2-2F514472885B}"
EndProject
Project("{9A19103F-16F7-4668-BE54-9A1E7A4F7556}") = "MowControl", "MowControl\MowControl.csproj", "{7E6D7405-ED24-4B3D-9B4E-C92CDF740BD3}"
EndProject
Project("{9A19103F-16F7-4668-BE54-9A1E7A4F7556}") = "MowControlTests", "MowControlTests\MowControlTests.csproj", "{11F659B8-A93A-4F87-B24E-896AC1BE0F3E}"
EndProject
Global
	GlobalSection(SolutionConfigurationPlatforms) = preSolution
		Debug|Any CPU = Debug|Any CPU
		Release|Any CPU = Release|Any CPU
	EndGlobalSection
	GlobalSection(ProjectConfigurationPlatforms) = postSolution
		{B7F1A101-B456-489B-A9E2-2F514472885B}.Debug|Any CPU.ActiveCfg = Debug|Any CPU
		{B7F1A101-B456-489B-A9E2-2F514472885B}.Debug|Any CPU.Build.0 = Debug|Any CPU
		{B7F1A101-B456-489B-A9E2-2F514472885B}.Release|Any CPU.ActiveCfg = Release|Any CPU
		{B7F1A101-B456-489B-A9E2-2F514472885B}.Release|Any CPU.Build.0 = Release|Any CPU
		{7E6D7405-ED24-4B3D-9B4E-C92CDF740BD3}.Debug|Any CPU.ActiveCfg = Debug|Any CPU
		{7E6D7405-ED24-4B3D-9B4E-C92CDF740BD3}.Debug|Any CPU.Build.0 = Debug|Any CPU
		{7E6D7405-ED24-4B3D-9B4E-C92CDF740BD3}.Release|Any CPU.ActiveCfg = Release|Any CPU
		{7E6D7405-ED24-4B3D-9B4E-C92CDF740BD3}.Release|Any CPU.Build.0 = Release|Any CPU
		{11F659B8-A93A-4F87-B24E-896AC1BE0F3E}.Debug|Any CPU.ActiveCfg = Debug|Any CPU
		{11F659B8-A93A-4F87-B24E-896AC1BE0F3E}.Debug|Any CPU.Build.0 = Debug|Any CPU
		{11F659B8-A93A-4F87-B24E-896AC1BE0F3E}.Release|Any CPU.ActiveCfg = Release|Any CPU
		{11F659B8-A93A-4F87-B24E-896AC1BE0F3E}.Release|Any CPU.Build.0 = Release|Any CPU
	EndGlobalSection
	GlobalSection(SolutionProperties) = preSolution
		HideSolutionNode = FALSE
	EndGlobalSection
	GlobalSection(ExtensibilityGlobals) = postSolution
		SolutionGuid = {789B220B-8848-4CC6-B5C9-B7A69F411A8C}
	EndGlobalSection
EndGlobal
