
Microsoft Visual Studio Solution File, Format Version 12.00
# Visual Studio 15
VisualStudioVersion = 15.0.27703.2035
MinimumVisualStudioVersion = 10.0.40219.1
Project("{9A19103F-16F7-4668-BE54-9A1E7A4F7556}") = "MowPlanning", "MowPlanning\MowPlanning.csproj", "{74BFBEB4-127F-45E8-9F96-4CE0997B87DC}"
EndProject
Project("{9A19103F-16F7-4668-BE54-9A1E7A4F7556}") = "Mowit", "Mowit\Mowit.csproj", "{B7F1A101-B456-489B-A9E2-2F514472885B}"
EndProject
Project("{9A19103F-16F7-4668-BE54-9A1E7A4F7556}") = "MowerTests", "MowerTests\MowerTests.csproj", "{7A164FE3-15B0-4E0B-A60A-7572F6E04F7A}"
EndProject
Global
	GlobalSection(SolutionConfigurationPlatforms) = preSolution
		Debug|Any CPU = Debug|Any CPU
		Release|Any CPU = Release|Any CPU
	EndGlobalSection
	GlobalSection(ProjectConfigurationPlatforms) = postSolution
		{74BFBEB4-127F-45E8-9F96-4CE0997B87DC}.Debug|Any CPU.ActiveCfg = Debug|Any CPU
		{74BFBEB4-127F-45E8-9F96-4CE0997B87DC}.Debug|Any CPU.Build.0 = Debug|Any CPU
		{74BFBEB4-127F-45E8-9F96-4CE0997B87DC}.Release|Any CPU.ActiveCfg = Release|Any CPU
		{74BFBEB4-127F-45E8-9F96-4CE0997B87DC}.Release|Any CPU.Build.0 = Release|Any CPU
		{B7F1A101-B456-489B-A9E2-2F514472885B}.Debug|Any CPU.ActiveCfg = Debug|Any CPU
		{B7F1A101-B456-489B-A9E2-2F514472885B}.Debug|Any CPU.Build.0 = Debug|Any CPU
		{B7F1A101-B456-489B-A9E2-2F514472885B}.Release|Any CPU.ActiveCfg = Release|Any CPU
		{B7F1A101-B456-489B-A9E2-2F514472885B}.Release|Any CPU.Build.0 = Release|Any CPU
		{7A164FE3-15B0-4E0B-A60A-7572F6E04F7A}.Debug|Any CPU.ActiveCfg = Debug|Any CPU
		{7A164FE3-15B0-4E0B-A60A-7572F6E04F7A}.Debug|Any CPU.Build.0 = Debug|Any CPU
		{7A164FE3-15B0-4E0B-A60A-7572F6E04F7A}.Release|Any CPU.ActiveCfg = Release|Any CPU
		{7A164FE3-15B0-4E0B-A60A-7572F6E04F7A}.Release|Any CPU.Build.0 = Release|Any CPU
	EndGlobalSection
	GlobalSection(SolutionProperties) = preSolution
		HideSolutionNode = FALSE
	EndGlobalSection
	GlobalSection(ExtensibilityGlobals) = postSolution
		SolutionGuid = {789B220B-8848-4CC6-B5C9-B7A69F411A8C}
	EndGlobalSection
EndGlobal
