
Microsoft Visual Studio Solution File, Format Version 12.00
# Visual Studio 15
VisualStudioVersion = 15.0.27703.2035
MinimumVisualStudioVersion = 10.0.40219.1
Project("{9A19103F-16F7-4668-BE54-9A1E7A4F7556}") = "MowPlanning", "MowPlanning\MowPlanning.csproj", "{74BFBEB4-127F-45E8-9F96-4CE0997B87DC}"
EndProject
Project("{9A19103F-16F7-4668-BE54-9A1E7A4F7556}") = "Mowit", "Mowit\Mowit.csproj", "{B7F1A101-B456-489B-A9E2-2F514472885B}"
EndProject
Project("{9A19103F-16F7-4668-BE54-9A1E7A4F7556}") = "SmhiWeatherForecast", "SmhiWeatherForecast\SmhiWeatherForecast.csproj", "{2EA4980C-D540-4529-B69D-D37BEF28979C}"
EndProject
Project("{9A19103F-16F7-4668-BE54-9A1E7A4F7556}") = "MowerTests", "MowerTests\MowerTests.csproj", "{EE80D37E-025B-430B-8AF4-E6E9FF1BADDB}"
EndProject
Global
	GlobalSection(SolutionConfigurationPlatforms) = preSolution
		Debug|Any CPU = Debug|Any CPU
		Release|Any CPU = Release|Any CPU
	EndGlobalSection
	GlobalSection(ProjectConfigurationPlatforms) = postSolution
		{74BFBEB4-127F-45E8-9F96-4CE0997B87DC}.Debug|Any CPU.ActiveCfg = Debug|Any CPU
		{74BFBEB4-127F-45E8-9F96-4CE0997B87DC}.Debug|Any CPU.Build.0 = Debug|Any CPU
		{74BFBEB4-127F-45E8-9F96-4CE0997B87DC}.Release|Any CPU.ActiveCfg = Release|Any CPU
		{74BFBEB4-127F-45E8-9F96-4CE0997B87DC}.Release|Any CPU.Build.0 = Release|Any CPU
		{B7F1A101-B456-489B-A9E2-2F514472885B}.Debug|Any CPU.ActiveCfg = Debug|Any CPU
		{B7F1A101-B456-489B-A9E2-2F514472885B}.Debug|Any CPU.Build.0 = Debug|Any CPU
		{B7F1A101-B456-489B-A9E2-2F514472885B}.Release|Any CPU.ActiveCfg = Release|Any CPU
		{B7F1A101-B456-489B-A9E2-2F514472885B}.Release|Any CPU.Build.0 = Release|Any CPU
		{2EA4980C-D540-4529-B69D-D37BEF28979C}.Debug|Any CPU.ActiveCfg = Debug|Any CPU
		{2EA4980C-D540-4529-B69D-D37BEF28979C}.Debug|Any CPU.Build.0 = Debug|Any CPU
		{2EA4980C-D540-4529-B69D-D37BEF28979C}.Release|Any CPU.ActiveCfg = Release|Any CPU
		{2EA4980C-D540-4529-B69D-D37BEF28979C}.Release|Any CPU.Build.0 = Release|Any CPU
		{EE80D37E-025B-430B-8AF4-E6E9FF1BADDB}.Debug|Any CPU.ActiveCfg = Debug|Any CPU
		{EE80D37E-025B-430B-8AF4-E6E9FF1BADDB}.Debug|Any CPU.Build.0 = Debug|Any CPU
		{EE80D37E-025B-430B-8AF4-E6E9FF1BADDB}.Release|Any CPU.ActiveCfg = Release|Any CPU
		{EE80D37E-025B-430B-8AF4-E6E9FF1BADDB}.Release|Any CPU.Build.0 = Release|Any CPU
	EndGlobalSection
	GlobalSection(SolutionProperties) = preSolution
		HideSolutionNode = FALSE
	EndGlobalSection
	GlobalSection(ExtensibilityGlobals) = postSolution
		SolutionGuid = {789B220B-8848-4CC6-B5C9-B7A69F411A8C}
	EndGlobalSection
EndGlobal
